
Microsoft Visual Studio Solution File, Format Version 12.00
# Visual Studio Version 16
VisualStudioVersion = 16.0.31025.194
MinimumVisualStudioVersion = 10.0.40219.1
Project("{FAE04EC0-301F-11D3-BF4B-00C04F79EFBC}") = "IdentityServer.Core", "IdentityServer.Core\IdentityServer.Core.csproj", "{6FBD8A17-F5F1-42C2-835F-1AF061059586}"
EndProject
Global
	GlobalSection(SolutionConfigurationPlatforms) = preSolution
		Debug|Any CPU = Debug|Any CPU
		Release|Any CPU = Release|Any CPU
	EndGlobalSection
	GlobalSection(ProjectConfigurationPlatforms) = postSolution
		{6FBD8A17-F5F1-42C2-835F-1AF061059586}.Debug|Any CPU.ActiveCfg = Debug|Any CPU
		{6FBD8A17-F5F1-42C2-835F-1AF061059586}.Debug|Any CPU.Build.0 = Debug|Any CPU
		{6FBD8A17-F5F1-42C2-835F-1AF061059586}.Release|Any CPU.ActiveCfg = Release|Any CPU
		{6FBD8A17-F5F1-42C2-835F-1AF061059586}.Release|Any CPU.Build.0 = Release|Any CPU
	EndGlobalSection
	GlobalSection(SolutionProperties) = preSolution
		HideSolutionNode = FALSE
	EndGlobalSection
	GlobalSection(ExtensibilityGlobals) = postSolution
		SolutionGuid = {C78E9EA9-42DF-422B-A70E-DE899588D029}
	EndGlobalSection
EndGlobal
